
Microsoft Visual Studio Solution File, Format Version 12.00
# Visual Studio Version 17
VisualStudioVersion = 17.1.32328.378
MinimumVisualStudioVersion = 10.0.40219.1
Project("{9A19103F-16F7-4668-BE54-9A1E7A4F7556}") = "BlogPessoal", "BlogPessoal\BlogPessoal.csproj", "{3EF80A23-A309-43EC-8DDC-E99B2A5671A0}"
EndProject
Project("{FAE04EC0-301F-11D3-BF4B-00C04F79EFBC}") = "BlogPessoalTeste", "BlogPessoalTeste\BlogPessoalTeste.csproj", "{0073CB30-D269-4FB0-8EE6-BF3CE3B6A7AF}"
EndProject
Global
	GlobalSection(SolutionConfigurationPlatforms) = preSolution
		Debug|Any CPU = Debug|Any CPU
		Release|Any CPU = Release|Any CPU
	EndGlobalSection
	GlobalSection(ProjectConfigurationPlatforms) = postSolution
		{3EF80A23-A309-43EC-8DDC-E99B2A5671A0}.Debug|Any CPU.ActiveCfg = Debug|Any CPU
		{3EF80A23-A309-43EC-8DDC-E99B2A5671A0}.Debug|Any CPU.Build.0 = Debug|Any CPU
		{3EF80A23-A309-43EC-8DDC-E99B2A5671A0}.Release|Any CPU.ActiveCfg = Release|Any CPU
		{3EF80A23-A309-43EC-8DDC-E99B2A5671A0}.Release|Any CPU.Build.0 = Release|Any CPU
		{0073CB30-D269-4FB0-8EE6-BF3CE3B6A7AF}.Debug|Any CPU.ActiveCfg = Debug|Any CPU
		{0073CB30-D269-4FB0-8EE6-BF3CE3B6A7AF}.Debug|Any CPU.Build.0 = Debug|Any CPU
		{0073CB30-D269-4FB0-8EE6-BF3CE3B6A7AF}.Release|Any CPU.ActiveCfg = Release|Any CPU
		{0073CB30-D269-4FB0-8EE6-BF3CE3B6A7AF}.Release|Any CPU.Build.0 = Release|Any CPU
	EndGlobalSection
	GlobalSection(SolutionProperties) = preSolution
		HideSolutionNode = FALSE
	EndGlobalSection
	GlobalSection(ExtensibilityGlobals) = postSolution
		SolutionGuid = {7CDC24BD-748E-4E61-B39F-D14B9D5DFEAD}
	EndGlobalSection
EndGlobal
